PODS:
  - APIKit (3.1.1):
    - Result (~> 3.0)
  - BrightFutures (5.2.0):
    - Result (~> 3.2)
  - Eureka (3.0.0)
  - Fuzi (1.0.1)
  - IKEventSource (2.0.0)
  - Kingfisher (3.10.1)
  - NorthLayout (3.0.0)
  - ReactiveSwift (1.1.3):
    - Result (~> 3.2)
  - Result (3.2.3)
  - SVProgressHUD (2.1.2)
  - SwiftBeaker (1.0.0-beta.1):
    - APIKit
    - URITemplate
  - URITemplate (2.0.1)
  - "※ikemen (0.2.0)"

DEPENDENCIES:
  - BrightFutures
  - Eureka
  - Fuzi
  - IKEventSource (from `https://github.com/banjun/EventSource`, branch `banjun`)
  - Kingfisher
  - NorthLayout
  - ReactiveSwift
  - SVProgressHUD
  - SwiftBeaker (~> 1.0.0-beta.1)
  - "※ikemen"

EXTERNAL SOURCES:
  IKEventSource:
    :branch: banjun
    :git: https://github.com/banjun/EventSource

CHECKOUT OPTIONS:
  IKEventSource:
    :commit: 8b924826db3270f25b4e56cae7b3b0ec87cf8ca1
    :git: https://github.com/banjun/EventSource

SPEC CHECKSUMS:
  APIKit: 7460983f490d3bde6aaaaa4164d18c9865a6f91d
  BrightFutures: 8681dbb9fa831b69b6e7dc4a498b9e081d5daeb5
  Eureka: f36fd440c3ebb7bfea0a4fbe6f16a05f1cb35906
  Fuzi: 851403654bac55675aaeed815d0c8a1d3e3d3e8b
  IKEventSource: 6526ddd3ecc340375a7d4c658eb47d82b92e7606
  Kingfisher: 33a1b82140fcb14a9fc13f78dfde2a03ff8de8cb
  NorthLayout: 28db8bfa49b861b4e972cc8e7c683c8ba819ff88
  ReactiveSwift: f54ba12c2e799003432930fa55495315ae44f32b
  Result: 128640a6347e8d2ae48b142556739a2d13f90ce6
  SVProgressHUD: c404a55d78acbeb7ebb78b76d3faf986475a6994
  SwiftBeaker: 1d56b0412e40205f5c2aed662a1dfef278f59fd2
  URITemplate: 720b8a56a281494d7c2d31ee33183986eaed2c67
  "※ikemen": c04aecee4293a2b6deb2119f7e67e7a82c6dea06

PODFILE CHECKSUM: 33b777f8d3af9c4a24c49c2fe23d972385570c96

COCOAPODS: 1.2.1
