PODS:
  - API (0.0.1):
    - SwiftBeaker
  - APIKit (5.1.0)
  - BrightFutures (8.0.0)
  - Differ (1.4.4)
  - Dwifft (0.9)
  - Eureka (5.2.0)
  - FootlessParser (0.5.2)
  - Fuzi (3.1.1)
  - Kingfisher (5.13.0):
    - Kingfisher/Core (= 5.13.0)
  - Kingfisher/Core (5.13.0)
  - NorthLayout (5.2.0):
    - FootlessParser (~> 0.4)
  - ReactiveCocoa (10.2.0):
    - ReactiveSwift (~> 6.2)
  - ReactiveSSE (0.3.2):
    - FootlessParser (~> 0.5)
    - ReactiveSwift (~> 6.0)
  - ReactiveSwift (6.2.0)
  - SVProgressHUD (2.2.5)
  - SwiftBeaker (1.0.1):
    - APIKit
    - URITemplate
  - URITemplate (3.0.0)
  - "※ikemen (0.6.0)"

DEPENDENCIES:
  - API (from `.`)
  - BrightFutures
  - Differ
  - Dwifft
  - Eureka
  - Fuzi
  - Kingfisher
  - NorthLayout
  - ReactiveCocoa
  - ReactiveSSE
  - ReactiveSwift
  - SVProgressHUD
  - SwiftBeaker
  - "※ikemen"

SPEC REPOS:
  trunk:
    - APIKit
    - BrightFutures
    - Differ
    - Dwifft
    - Eureka
    - FootlessParser
    - Fuzi
    - Kingfisher
    - NorthLayout
    - ReactiveCocoa
    - ReactiveSSE
    - ReactiveSwift
    - SVProgressHUD
    - SwiftBeaker
    - URITemplate
    - "※ikemen"

EXTERNAL SOURCES:
  API:
    :path: "."

SPEC CHECKSUMS:
  API: 8db0665ea8ddc9dcb32c586b6456437c492d10e3
  APIKit: 9e1a4069608bf0ae5238811e6cfc26928ad4d01e
  BrightFutures: f8427b46feabaf73c5e71ace7d86d65dfbb47696
  Differ: 5cd747e2f29c11ea9605eba7cb369df17e2b1ee2
  Dwifft: 42912068ed2a8146077d1a1404df18625bd086e1
  Eureka: 820a761c700f6eaab3b60758f138e0d9b99072b3
  FootlessParser: 521916d592fa6cba06cfca6f4b5d4f5a2d49175a
  Fuzi: bcc5694488dd6e672e126cbf3c5471d7a79506d1
  Kingfisher: 0d334cada987fcddbe9b5cec516406e1ee9d4748
  NorthLayout: 308a58a8f7d96f316e6399ff6432f8769321bbdf
  ReactiveCocoa: a123c42f449c552460a4ee217dd49c76a17c8204
  ReactiveSSE: 18c80e3ac30e9f084703799271de15af9c6e1a49
  ReactiveSwift: 3dc8800378110b13d40b46ab362afa9f6bcffc6c
  SVProgressHUD: 1428aafac632c1f86f62aa4243ec12008d7a51d6
  SwiftBeaker: 49a89e7a664189936b6555738a38d066320ede9a
  URITemplate: 58e0d47f967006c5d59888af5356c4a8ed3b197d
  "※ikemen": da47fe6e0acfbe241611221f4d98ade266bf50a2

PODFILE CHECKSUM: 50fe60d84c7ab464d6e8efb5be98df28f3f41bce

COCOAPODS: 1.8.4
