// !$*UTF8*$!
{
	archiveVersion = 1;
	classes = {
	};
	objectVersion = 46;
	objects = {

/* Begin PBXBuildFile section */
		1AA9E5D5D16230C8EA09FCAE /* Pods_imastodon.framework in Frameworks */ = {isa = PBXBuildFile; fileRef = CF693483815FAE1CC3AB6956 /* Pods_imastodon.framework */; };
		BC21D433B90F4159776AE0E6 /* Pods_imastodon_mac.framework in Frameworks */ = {isa = PBXBuildFile; fileRef = FAC0BF8BE76D2E0BB1EC2987 /* Pods_imastodon_mac.framework */; };
		EA0EDB4A1EE41FC400280536 /* Stream.swift in Sources */ = {isa = PBXBuildFile; fileRef = EA0EDB491EE41FC000280536 /* Stream.swift */; };
		EA0EDB4C1EE429A600280536 /* TimelineViewController.swift in Sources */ = {isa = PBXBuildFile; fileRef = EA0EDB4B1EE429A600280536 /* TimelineViewController.swift */; };
		EA2312241FA59B4F00526097 /* NotificationsViewController.swift in Sources */ = {isa = PBXBuildFile; fileRef = EA2312231FA59B4F00526097 /* NotificationsViewController.swift */; };
		EA2BBB95201225A900918725 /* PostWindowController.swift in Sources */ = {isa = PBXBuildFile; fileRef = EA2BBB94201225A900918725 /* PostWindowController.swift */; };
		EA30245D200B80100084FFD8 /* AppDelegate.swift in Sources */ = {isa = PBXBuildFile; fileRef = EA30245C200B80100084FFD8 /* AppDelegate.swift */; };
		EA302461200B80100084FFD8 /* Assets.xcassets in Resources */ = {isa = PBXBuildFile; fileRef = EA302460200B80100084FFD8 /* Assets.xcassets */; };
		EA302464200B80100084FFD8 /* Main.storyboard in Resources */ = {isa = PBXBuildFile; fileRef = EA302462200B80100084FFD8 /* Main.storyboard */; };
		EA584F59200B8C1100D08656 /* Client.swift in Sources */ = {isa = PBXBuildFile; fileRef = EAE218BA1ED1615A001209F2 /* Client.swift */; };
		EA584F5D200E2E6C00D08656 /* Store.swift in Sources */ = {isa = PBXBuildFile; fileRef = EA584F5C200E2E6C00D08656 /* Store.swift */; };
		EA584F5F200E37AF00D08656 /* InstanceAccountsWindowController.swift in Sources */ = {isa = PBXBuildFile; fileRef = EA584F5E200E37AF00D08656 /* InstanceAccountsWindowController.swift */; };
		EA584F61200E38EB00D08656 /* NewAccountWindowController.swift in Sources */ = {isa = PBXBuildFile; fileRef = EA584F60200E38EB00D08656 /* NewAccountWindowController.swift */; };
		EA584F63200E442D00D08656 /* LocalTLWindowController.swift in Sources */ = {isa = PBXBuildFile; fileRef = EA584F62200E442D00D08656 /* LocalTLWindowController.swift */; };
		EA584F65200E4B3700D08656 /* AutolayoutLabel.swift in Sources */ = {isa = PBXBuildFile; fileRef = EA584F64200E4B3700D08656 /* AutolayoutLabel.swift */; };
		EA584F67200E4B5A00D08656 /* StatusTableCellView.swift in Sources */ = {isa = PBXBuildFile; fileRef = EA584F66200E4B5A00D08656 /* StatusTableCellView.swift */; };
		EA6429EC1FA50B18006A67C0 /* FavoritesViewController.swift in Sources */ = {isa = PBXBuildFile; fileRef = EA6429EB1FA50B18006A67C0 /* FavoritesViewController.swift */; };
		EA6429EE1FA5110D006A67C0 /* FollowingsViewController.swift in Sources */ = {isa = PBXBuildFile; fileRef = EA6429ED1FA5110D006A67C0 /* FollowingsViewController.swift */; };
		EA6429F01FA51738006A67C0 /* AccountCell.swift in Sources */ = {isa = PBXBuildFile; fileRef = EA6429EF1FA51738006A67C0 /* AccountCell.swift */; };
		EA6429F21FA518F6006A67C0 /* FollowersViewController.swift in Sources */ = {isa = PBXBuildFile; fileRef = EA6429F11FA518F6006A67C0 /* FollowersViewController.swift */; };
		EA6429F41FA5694E006A67C0 /* UserHeaderView.swift in Sources */ = {isa = PBXBuildFile; fileRef = EA6429F31FA5694E006A67C0 /* UserHeaderView.swift */; };
		EA65F7C21F9E2AFE00071B4D /* UserViewController.swift in Sources */ = {isa = PBXBuildFile; fileRef = EA65F7C11F9E2AFE00071B4D /* UserViewController.swift */; };
		EA65F7C41F9F68F700071B4D /* HeaderImageView.swift in Sources */ = {isa = PBXBuildFile; fileRef = EA65F7C31F9F68F700071B4D /* HeaderImageView.swift */; };
		EA85B2612041BDFB00B5287B /* LayerImageView.swift in Sources */ = {isa = PBXBuildFile; fileRef = EA85B2602041BDFB00B5287B /* LayerImageView.swift */; };
		EAA1219B23EF187A00A95F37 /* SceneDelegate.swift in Sources */ = {isa = PBXBuildFile; fileRef = EAA1219A23EF187A00A95F37 /* SceneDelegate.swift */; };
		EAA1219D23EF1DE600A95F37 /* HUD.swift in Sources */ = {isa = PBXBuildFile; fileRef = EAA1219C23EF1DE600A95F37 /* HUD.swift */; };
		EAA1219F23EF23D900A95F37 /* ThemeColor.swift in Sources */ = {isa = PBXBuildFile; fileRef = EAA1219E23EF23D900A95F37 /* ThemeColor.swift */; };
		EAB868271EF6B4A700B38879 /* AttachmentViewController.swift in Sources */ = {isa = PBXBuildFile; fileRef = EAB868261EF6B4A700B38879 /* AttachmentViewController.swift */; };
		EAC4F2422014FE5000A35E9D /* ReactiveExtension.swift in Sources */ = {isa = PBXBuildFile; fileRef = EAC4F2412014FE5000A35E9D /* ReactiveExtension.swift */; };
		EAC4F2432014FE5000A35E9D /* ReactiveExtension.swift in Sources */ = {isa = PBXBuildFile; fileRef = EAC4F2412014FE5000A35E9D /* ReactiveExtension.swift */; };
		EAC55F2E1ED07C5700CD567D /* AppDelegate.swift in Sources */ = {isa = PBXBuildFile; fileRef = EAC55F2D1ED07C5700CD567D /* AppDelegate.swift */; };
		EAC55F301ED07C5700CD567D /* ViewController.swift in Sources */ = {isa = PBXBuildFile; fileRef = EAC55F2F1ED07C5700CD567D /* ViewController.swift */; };
		EAC55F351ED07C5700CD567D /* Assets.xcassets in Resources */ = {isa = PBXBuildFile; fileRef = EAC55F341ED07C5700CD567D /* Assets.xcassets */; };
		EAC55F381ED07C5700CD567D /* LaunchScreen.storyboard in Resources */ = {isa = PBXBuildFile; fileRef = EAC55F361ED07C5700CD567D /* LaunchScreen.storyboard */; };
		EACE4E11201C9F600005D2BE /* StreamClient.swift in Sources */ = {isa = PBXBuildFile; fileRef = EACE4E10201C9F600005D2BE /* StreamClient.swift */; };
		EACE4E12201C9F600005D2BE /* StreamClient.swift in Sources */ = {isa = PBXBuildFile; fileRef = EACE4E10201C9F600005D2BE /* StreamClient.swift */; };
		EACE4E14201E0ABC0005D2BE /* VisibleLimitedTableView.swift in Sources */ = {isa = PBXBuildFile; fileRef = EACE4E13201E0ABC0005D2BE /* VisibleLimitedTableView.swift */; };
		EAD2FD4B202748C200599DF6 /* NibLessLoadable.swift in Sources */ = {isa = PBXBuildFile; fileRef = EAD2FD4A202748C200599DF6 /* NibLessLoadable.swift */; };
		EAD8AD961EF2ADE0002648F9 /* UnifiedViewController.swift in Sources */ = {isa = PBXBuildFile; fileRef = EAD8AD951EF2ADE0002648F9 /* UnifiedViewController.swift */; };
		EAE1C02B2017774400D4765F /* TimelineViewModel.swift in Sources */ = {isa = PBXBuildFile; fileRef = EAE1C02A2017774400D4765F /* TimelineViewModel.swift */; };
		EAE1C02D2017780100D4765F /* TimelineWindowController.swift in Sources */ = {isa = PBXBuildFile; fileRef = EAE1C02C2017780100D4765F /* TimelineWindowController.swift */; };
		EAE1C02F201778A100D4765F /* HomeTLWindowController.swift in Sources */ = {isa = PBXBuildFile; fileRef = EAE1C02E201778A100D4765F /* HomeTLWindowController.swift */; };
		EAE1C0312018C19700D4765F /* IconView.swift in Sources */ = {isa = PBXBuildFile; fileRef = EAE1C0302018C19700D4765F /* IconView.swift */; };
		EAE1C0332018CA8A00D4765F /* HashtagTLWindowController.swift in Sources */ = {isa = PBXBuildFile; fileRef = EAE1C0322018CA8A00D4765F /* HashtagTLWindowController.swift */; };
		EAE218B11ED1460B001209F2 /* InstanceListViewController.swift in Sources */ = {isa = PBXBuildFile; fileRef = EAE218B01ED1460B001209F2 /* InstanceListViewController.swift */; };
		EAE218B31ED147E2001209F2 /* LoginViewController.swift in Sources */ = {isa = PBXBuildFile; fileRef = EAE218B21ED147E2001209F2 /* LoginViewController.swift */; };
		EAE218B51ED15494001209F2 /* Store.swift in Sources */ = {isa = PBXBuildFile; fileRef = EAE218B41ED15494001209F2 /* Store.swift */; };
		EAE218B91ED15BB0001209F2 /* HomeViewController.swift in Sources */ = {isa = PBXBuildFile; fileRef = EAE218B81ED15BB0001209F2 /* HomeViewController.swift */; };
		EAE218BB1ED1615A001209F2 /* Client.swift in Sources */ = {isa = PBXBuildFile; fileRef = EAE218BA1ED1615A001209F2 /* Client.swift */; };
		EAE218BD1ED176B4001209F2 /* LocalViewController.swift in Sources */ = {isa = PBXBuildFile; fileRef = EAE218BC1ED176B4001209F2 /* LocalViewController.swift */; };
		EAE218BF1ED176C4001209F2 /* StatusRow.swift in Sources */ = {isa = PBXBuildFile; fileRef = EAE218BE1ED176C4001209F2 /* StatusRow.swift */; };
		EAE3BC401ED3373300B31AF5 /* PostViewController.swift in Sources */ = {isa = PBXBuildFile; fileRef = EAE3BC3F1ED3373300B31AF5 /* PostViewController.swift */; };
		EAE792A92010D1BB00E38831 /* Differ+AppKit.swift in Sources */ = {isa = PBXBuildFile; fileRef = EAE792A82010D1BB00E38831 /* Differ+AppKit.swift */; };
		EAFB332C1FA61A1C00BB12C5 /* StatusViewController.swift in Sources */ = {isa = PBXBuildFile; fileRef = EAFB332B1FA61A1C00BB12C5 /* StatusViewController.swift */; };
		EAFB332E1FA6344500BB12C5 /* StatusPreviewingDelegate.swift in Sources */ = {isa = PBXBuildFile; fileRef = EAFB332D1FA6344500BB12C5 /* StatusPreviewingDelegate.swift */; };
/* End PBXBuildFile section */

/* Begin PBXFileReference section */
		3395940DED0D0BA0835EFD0E /* Pods-imastodon.release.xcconfig */ = {isa = PBXFileReference; includeInIndex = 1; lastKnownFileType = text.xcconfig; name = "Pods-imastodon.release.xcconfig"; path = "Pods/Target Support Files/Pods-imastodon/Pods-imastodon.release.xcconfig"; sourceTree = "<group>"; };
		7518B5189A465B5CDC2E2350 /* Pods-imastodon-mac.release.xcconfig */ = {isa = PBXFileReference; includeInIndex = 1; lastKnownFileType = text.xcconfig; name = "Pods-imastodon-mac.release.xcconfig"; path = "Pods/Target Support Files/Pods-imastodon-mac/Pods-imastodon-mac.release.xcconfig"; sourceTree = "<group>"; };
		7C138BF5F063A0B55F519D11 /* Pods-imastodon.debug.xcconfig */ = {isa = PBXFileReference; includeInIndex = 1; lastKnownFileType = text.xcconfig; name = "Pods-imastodon.debug.xcconfig"; path = "Pods/Target Support Files/Pods-imastodon/Pods-imastodon.debug.xcconfig"; sourceTree = "<group>"; };
		CF693483815FAE1CC3AB6956 /* Pods_imastodon.framework */ = {isa = PBXFileReference; explicitFileType = wrapper.framework; includeInIndex = 0; path = Pods_imastodon.framework; sourceTree = BUILT_PRODUCTS_DIR; };
		D907FF16E22400E775461EBC /* Pods-imastodon-mac.debug.xcconfig */ = {isa = PBXFileReference; includeInIndex = 1; lastKnownFileType = text.xcconfig; name = "Pods-imastodon-mac.debug.xcconfig"; path = "Pods/Target Support Files/Pods-imastodon-mac/Pods-imastodon-mac.debug.xcconfig"; sourceTree = "<group>"; };
		EA0EDB491EE41FC000280536 /* Stream.swift */ = {isa = PBXFileReference; fileEncoding = 4; lastKnownFileType = sourcecode.swift; path = Stream.swift; sourceTree = "<group>"; };
		EA0EDB4B1EE429A600280536 /* TimelineViewController.swift */ = {isa = PBXFileReference; fileEncoding = 4; lastKnownFileType = sourcecode.swift; path = TimelineViewController.swift; sourceTree = "<group>"; };
		EA2312231FA59B4F00526097 /* NotificationsViewController.swift */ = {isa = PBXFileReference; lastKnownFileType = sourcecode.swift; path = NotificationsViewController.swift; sourceTree = "<group>"; };
		EA2BBB932012244400918725 /* imastodon-mac.entitlements */ = {isa = PBXFileReference; lastKnownFileType = text.plist.entitlements; path = "imastodon-mac.entitlements"; sourceTree = "<group>"; };
		EA2BBB94201225A900918725 /* PostWindowController.swift */ = {isa = PBXFileReference; lastKnownFileType = sourcecode.swift; path = PostWindowController.swift; sourceTree = "<group>"; };
		EA30245A200B80100084FFD8 /* imastodon-mac.app */ = {isa = PBXFileReference; explicitFileType = wrapper.application; includeInIndex = 0; path = "imastodon-mac.app"; sourceTree = BUILT_PRODUCTS_DIR; };
		EA30245C200B80100084FFD8 /* AppDelegate.swift */ = {isa = PBXFileReference; lastKnownFileType = sourcecode.swift; path = AppDelegate.swift; sourceTree = "<group>"; };
		EA302460200B80100084FFD8 /* Assets.xcassets */ = {isa = PBXFileReference; lastKnownFileType = folder.assetcatalog; path = Assets.xcassets; sourceTree = "<group>"; };
		EA302463200B80100084FFD8 /* Base */ = {isa = PBXFileReference; lastKnownFileType = file.storyboard; name = Base; path = Base.lproj/Main.storyboard; sourceTree = "<group>"; };
		EA302465200B80100084FFD8 /* Info.plist */ = {isa = PBXFileReference; lastKnownFileType = text.plist.xml; path = Info.plist; sourceTree = "<group>"; };
		EA302466200B80100084FFD8 /* imastodon_mac.entitlements */ = {isa = PBXFileReference; lastKnownFileType = text.plist.entitlements; path = imastodon_mac.entitlements; sourceTree = "<group>"; };
		EA584F5C200E2E6C00D08656 /* Store.swift */ = {isa = PBXFileReference; lastKnownFileType = sourcecode.swift; path = Store.swift; sourceTree = "<group>"; };
		EA584F5E200E37AF00D08656 /* InstanceAccountsWindowController.swift */ = {isa = PBXFileReference; lastKnownFileType = sourcecode.swift; path = InstanceAccountsWindowController.swift; sourceTree = "<group>"; };
		EA584F60200E38EB00D08656 /* NewAccountWindowController.swift */ = {isa = PBXFileReference; lastKnownFileType = sourcecode.swift; path = NewAccountWindowController.swift; sourceTree = "<group>"; };
		EA584F62200E442D00D08656 /* LocalTLWindowController.swift */ = {isa = PBXFileReference; lastKnownFileType = sourcecode.swift; path = LocalTLWindowController.swift; sourceTree = "<group>"; };
		EA584F64200E4B3700D08656 /* AutolayoutLabel.swift */ = {isa = PBXFileReference; lastKnownFileType = sourcecode.swift; path = AutolayoutLabel.swift; sourceTree = "<group>"; };
		EA584F66200E4B5A00D08656 /* StatusTableCellView.swift */ = {isa = PBXFileReference; lastKnownFileType = sourcecode.swift; path = StatusTableCellView.swift; sourceTree = "<group>"; };
		EA6429EB1FA50B18006A67C0 /* FavoritesViewController.swift */ = {isa = PBXFileReference; lastKnownFileType = sourcecode.swift; path = FavoritesViewController.swift; sourceTree = "<group>"; };
		EA6429ED1FA5110D006A67C0 /* FollowingsViewController.swift */ = {isa = PBXFileReference; lastKnownFileType = sourcecode.swift; path = FollowingsViewController.swift; sourceTree = "<group>"; };
		EA6429EF1FA51738006A67C0 /* AccountCell.swift */ = {isa = PBXFileReference; lastKnownFileType = sourcecode.swift; path = AccountCell.swift; sourceTree = "<group>"; };
		EA6429F11FA518F6006A67C0 /* FollowersViewController.swift */ = {isa = PBXFileReference; lastKnownFileType = sourcecode.swift; path = FollowersViewController.swift; sourceTree = "<group>"; };
		EA6429F31FA5694E006A67C0 /* UserHeaderView.swift */ = {isa = PBXFileReference; lastKnownFileType = sourcecode.swift; path = UserHeaderView.swift; sourceTree = "<group>"; };
		EA65F7C11F9E2AFE00071B4D /* UserViewController.swift */ = {isa = PBXFileReference; lastKnownFileType = sourcecode.swift; path = UserViewController.swift; sourceTree = "<group>"; };
		EA65F7C31F9F68F700071B4D /* HeaderImageView.swift */ = {isa = PBXFileReference; lastKnownFileType = sourcecode.swift; path = HeaderImageView.swift; sourceTree = "<group>"; };
		EA72DC721EF14E2B00B5A7CD /* Mastodon.md */ = {isa = PBXFileReference; lastKnownFileType = net.daringfireball.markdown; path = Mastodon.md; sourceTree = "<group>"; };
		EA72DC741EF14E2B00B5A7CD /* Mastodon.swift */ = {isa = PBXFileReference; lastKnownFileType = sourcecode.swift; path = Mastodon.swift; sourceTree = "<group>"; };
		EA85B2602041BDFB00B5287B /* LayerImageView.swift */ = {isa = PBXFileReference; lastKnownFileType = sourcecode.swift; path = LayerImageView.swift; sourceTree = "<group>"; };
		EAA1219A23EF187A00A95F37 /* SceneDelegate.swift */ = {isa = PBXFileReference; lastKnownFileType = sourcecode.swift; path = SceneDelegate.swift; sourceTree = "<group>"; };
		EAA1219C23EF1DE600A95F37 /* HUD.swift */ = {isa = PBXFileReference; lastKnownFileType = sourcecode.swift; path = HUD.swift; sourceTree = "<group>"; };
		EAA1219E23EF23D900A95F37 /* ThemeColor.swift */ = {isa = PBXFileReference; lastKnownFileType = sourcecode.swift; path = ThemeColor.swift; sourceTree = "<group>"; };
		EAB623AC1EF16AA500F7BE80 /* MastodonHelper.swift */ = {isa = PBXFileReference; lastKnownFileType = sourcecode.swift; path = MastodonHelper.swift; sourceTree = "<group>"; };
		EAB868261EF6B4A700B38879 /* AttachmentViewController.swift */ = {isa = PBXFileReference; lastKnownFileType = sourcecode.swift; path = AttachmentViewController.swift; sourceTree = "<group>"; };
		EAC4F2412014FE5000A35E9D /* ReactiveExtension.swift */ = {isa = PBXFileReference; lastKnownFileType = sourcecode.swift; path = ReactiveExtension.swift; sourceTree = "<group>"; };
		EAC55F2A1ED07C5700CD567D /* imastodon.app */ = {isa = PBXFileReference; explicitFileType = wrapper.application; includeInIndex = 0; path = imastodon.app; sourceTree = BUILT_PRODUCTS_DIR; };
		EAC55F2D1ED07C5700CD567D /* AppDelegate.swift */ = {isa = PBXFileReference; lastKnownFileType = sourcecode.swift; path = AppDelegate.swift; sourceTree = "<group>"; };
		EAC55F2F1ED07C5700CD567D /* ViewController.swift */ = {isa = PBXFileReference; lastKnownFileType = sourcecode.swift; path = ViewController.swift; sourceTree = "<group>"; };
		EAC55F341ED07C5700CD567D /* Assets.xcassets */ = {isa = PBXFileReference; lastKnownFileType = folder.assetcatalog; path = Assets.xcassets; sourceTree = "<group>"; };
		EAC55F371ED07C5700CD567D /* Base */ = {isa = PBXFileReference; lastKnownFileType = file.storyboard; name = Base; path = Base.lproj/LaunchScreen.storyboard; sourceTree = "<group>"; };
		EAC55F391ED07C5700CD567D /* Info.plist */ = {isa = PBXFileReference; lastKnownFileType = text.plist.xml; path = Info.plist; sourceTree = "<group>"; };
		EACE4E10201C9F600005D2BE /* StreamClient.swift */ = {isa = PBXFileReference; lastKnownFileType = sourcecode.swift; path = StreamClient.swift; sourceTree = "<group>"; };
		EACE4E13201E0ABC0005D2BE /* VisibleLimitedTableView.swift */ = {isa = PBXFileReference; lastKnownFileType = sourcecode.swift; path = VisibleLimitedTableView.swift; sourceTree = "<group>"; };
		EAD2FD4A202748C200599DF6 /* NibLessLoadable.swift */ = {isa = PBXFileReference; lastKnownFileType = sourcecode.swift; path = NibLessLoadable.swift; sourceTree = "<group>"; };
		EAD8AD951EF2ADE0002648F9 /* UnifiedViewController.swift */ = {isa = PBXFileReference; lastKnownFileType = sourcecode.swift; path = UnifiedViewController.swift; sourceTree = "<group>"; };
		EAE1C02A2017774400D4765F /* TimelineViewModel.swift */ = {isa = PBXFileReference; lastKnownFileType = sourcecode.swift; path = TimelineViewModel.swift; sourceTree = "<group>"; };
		EAE1C02C2017780100D4765F /* TimelineWindowController.swift */ = {isa = PBXFileReference; lastKnownFileType = sourcecode.swift; path = TimelineWindowController.swift; sourceTree = "<group>"; };
		EAE1C02E201778A100D4765F /* HomeTLWindowController.swift */ = {isa = PBXFileReference; lastKnownFileType = sourcecode.swift; path = HomeTLWindowController.swift; sourceTree = "<group>"; };
		EAE1C0302018C19700D4765F /* IconView.swift */ = {isa = PBXFileReference; lastKnownFileType = sourcecode.swift; path = IconView.swift; sourceTree = "<group>"; };
		EAE1C0322018CA8A00D4765F /* HashtagTLWindowController.swift */ = {isa = PBXFileReference; lastKnownFileType = sourcecode.swift; path = HashtagTLWindowController.swift; sourceTree = "<group>"; };
		EAE218B01ED1460B001209F2 /* InstanceListViewController.swift */ = {isa = PBXFileReference; fileEncoding = 4; lastKnownFileType = sourcecode.swift; path = InstanceListViewController.swift; sourceTree = "<group>"; };
		EAE218B21ED147E2001209F2 /* LoginViewController.swift */ = {isa = PBXFileReference; fileEncoding = 4; lastKnownFileType = sourcecode.swift; path = LoginViewController.swift; sourceTree = "<group>"; };
		EAE218B41ED15494001209F2 /* Store.swift */ = {isa = PBXFileReference; fileEncoding = 4; lastKnownFileType = sourcecode.swift; path = Store.swift; sourceTree = "<group>"; };
		EAE218B81ED15BB0001209F2 /* HomeViewController.swift */ = {isa = PBXFileReference; fileEncoding = 4; lastKnownFileType = sourcecode.swift; path = HomeViewController.swift; sourceTree = "<group>"; };
		EAE218BA1ED1615A001209F2 /* Client.swift */ = {isa = PBXFileReference; fileEncoding = 4; lastKnownFileType = sourcecode.swift; path = Client.swift; sourceTree = "<group>"; };
		EAE218BC1ED176B4001209F2 /* LocalViewController.swift */ = {isa = PBXFileReference; fileEncoding = 4; lastKnownFileType = sourcecode.swift; path = LocalViewController.swift; sourceTree = "<group>"; };
		EAE218BE1ED176C4001209F2 /* StatusRow.swift */ = {isa = PBXFileReference; fileEncoding = 4; lastKnownFileType = sourcecode.swift; path = StatusRow.swift; sourceTree = "<group>"; };
		EAE3BC3F1ED3373300B31AF5 /* PostViewController.swift */ = {isa = PBXFileReference; fileEncoding = 4; lastKnownFileType = sourcecode.swift; path = PostViewController.swift; sourceTree = "<group>"; };
		EAE792A82010D1BB00E38831 /* Differ+AppKit.swift */ = {isa = PBXFileReference; lastKnownFileType = sourcecode.swift; path = "Differ+AppKit.swift"; sourceTree = "<group>"; };
		EAFB332B1FA61A1C00BB12C5 /* StatusViewController.swift */ = {isa = PBXFileReference; lastKnownFileType = sourcecode.swift; path = StatusViewController.swift; sourceTree = "<group>"; };
		EAFB332D1FA6344500BB12C5 /* StatusPreviewingDelegate.swift */ = {isa = PBXFileReference; lastKnownFileType = sourcecode.swift; path = StatusPreviewingDelegate.swift; sourceTree = "<group>"; };
		FAC0BF8BE76D2E0BB1EC2987 /* Pods_imastodon_mac.framework */ = {isa = PBXFileReference; explicitFileType = wrapper.framework; includeInIndex = 0; path = Pods_imastodon_mac.framework; sourceTree = BUILT_PRODUCTS_DIR; };
/* End PBXFileReference section */

/* Begin PBXFrameworksBuildPhase section */
		EA302457200B80100084FFD8 /* Frameworks */ = {
			isa = PBXFrameworksBuildPhase;
			buildActionMask = 2147483647;
			files = (
				BC21D433B90F4159776AE0E6 /* Pods_imastodon_mac.framework in Frameworks */,
			);
			runOnlyForDeploymentPostprocessing = 0;
		};
		EAC55F271ED07C5700CD567D /* Frameworks */ = {
			isa = PBXFrameworksBuildPhase;
			buildActionMask = 2147483647;
			files = (
				1AA9E5D5D16230C8EA09FCAE /* Pods_imastodon.framework in Frameworks */,
			);
			runOnlyForDeploymentPostprocessing = 0;
		};
/* End PBXFrameworksBuildPhase section */

/* Begin PBXGroup section */
		59B677ACA5033BA3109A0B7F /* Frameworks */ = {
			isa = PBXGroup;
			children = (
				CF693483815FAE1CC3AB6956 /* Pods_imastodon.framework */,
				FAC0BF8BE76D2E0BB1EC2987 /* Pods_imastodon_mac.framework */,
			);
			name = Frameworks;
			sourceTree = "<group>";
		};
		D2EDDD2B062B302C18216BBE /* Pods */ = {
			isa = PBXGroup;
			children = (
				7C138BF5F063A0B55F519D11 /* Pods-imastodon.debug.xcconfig */,
				3395940DED0D0BA0835EFD0E /* Pods-imastodon.release.xcconfig */,
				D907FF16E22400E775461EBC /* Pods-imastodon-mac.debug.xcconfig */,
				7518B5189A465B5CDC2E2350 /* Pods-imastodon-mac.release.xcconfig */,
			);
			name = Pods;
			sourceTree = "<group>";
		};
		EA30245B200B80100084FFD8 /* imastodon-mac */ = {
			isa = PBXGroup;
			children = (
				EA2BBB932012244400918725 /* imastodon-mac.entitlements */,
				EA30245C200B80100084FFD8 /* AppDelegate.swift */,
				EA584F5C200E2E6C00D08656 /* Store.swift */,
				EA584F66200E4B5A00D08656 /* StatusTableCellView.swift */,
				EAE1C0302018C19700D4765F /* IconView.swift */,
				EA584F64200E4B3700D08656 /* AutolayoutLabel.swift */,
				EAD2FD4A202748C200599DF6 /* NibLessLoadable.swift */,
				EA85B2602041BDFB00B5287B /* LayerImageView.swift */,
				EA584F5E200E37AF00D08656 /* InstanceAccountsWindowController.swift */,
				EA584F60200E38EB00D08656 /* NewAccountWindowController.swift */,
				EAE1C02C2017780100D4765F /* TimelineWindowController.swift */,
				EAE1C02A2017774400D4765F /* TimelineViewModel.swift */,
				EA584F62200E442D00D08656 /* LocalTLWindowController.swift */,
				EAE1C02E201778A100D4765F /* HomeTLWindowController.swift */,
				EAE1C0322018CA8A00D4765F /* HashtagTLWindowController.swift */,
				EA2BBB94201225A900918725 /* PostWindowController.swift */,
				EAE792A82010D1BB00E38831 /* Differ+AppKit.swift */,
				EACE4E13201E0ABC0005D2BE /* VisibleLimitedTableView.swift */,
				EA302460200B80100084FFD8 /* Assets.xcassets */,
				EA302462200B80100084FFD8 /* Main.storyboard */,
				EA302465200B80100084FFD8 /* Info.plist */,
				EA302466200B80100084FFD8 /* imastodon_mac.entitlements */,
			);
			path = "imastodon-mac";
			sourceTree = "<group>";
		};
		EA72DC701EF14E2B00B5A7CD /* API */ = {
			isa = PBXGroup;
			children = (
				EA72DC721EF14E2B00B5A7CD /* Mastodon.md */,
				EA72DC741EF14E2B00B5A7CD /* Mastodon.swift */,
				EAB623AC1EF16AA500F7BE80 /* MastodonHelper.swift */,
			);
			path = API;
			sourceTree = "<group>";
		};
		EAC55F211ED07C5700CD567D = {
			isa = PBXGroup;
			children = (
				EA72DC701EF14E2B00B5A7CD /* API */,
				EAE6D4EC2014E2F800CB3036 /* Common */,
				EAC55F2C1ED07C5700CD567D /* imastodon */,
				EA30245B200B80100084FFD8 /* imastodon-mac */,
				EAC55F2B1ED07C5700CD567D /* Products */,
				D2EDDD2B062B302C18216BBE /* Pods */,
				59B677ACA5033BA3109A0B7F /* Frameworks */,
			);
			sourceTree = "<group>";
		};
		EAC55F2B1ED07C5700CD567D /* Products */ = {
			isa = PBXGroup;
			children = (
				EAC55F2A1ED07C5700CD567D /* imastodon.app */,
				EA30245A200B80100084FFD8 /* imastodon-mac.app */,
			);
			name = Products;
			sourceTree = "<group>";
		};
		EAC55F2C1ED07C5700CD567D /* imastodon */ = {
			isa = PBXGroup;
			children = (
				EAC55F2D1ED07C5700CD567D /* AppDelegate.swift */,
				EAA1219A23EF187A00A95F37 /* SceneDelegate.swift */,
				EAA1219C23EF1DE600A95F37 /* HUD.swift */,
				EAA1219E23EF23D900A95F37 /* ThemeColor.swift */,
				EAE218B41ED15494001209F2 /* Store.swift */,
				EAE218BE1ED176C4001209F2 /* StatusRow.swift */,
				EA0EDB491EE41FC000280536 /* Stream.swift */,
				EAC55F2F1ED07C5700CD567D /* ViewController.swift */,
				EA0EDB4B1EE429A600280536 /* TimelineViewController.swift */,
				EAE218B81ED15BB0001209F2 /* HomeViewController.swift */,
				EAE218BC1ED176B4001209F2 /* LocalViewController.swift */,
				EAD8AD951EF2ADE0002648F9 /* UnifiedViewController.swift */,
				EAFB332B1FA61A1C00BB12C5 /* StatusViewController.swift */,
				EAFB332D1FA6344500BB12C5 /* StatusPreviewingDelegate.swift */,
				EAE3BC3F1ED3373300B31AF5 /* PostViewController.swift */,
				EAE218B01ED1460B001209F2 /* InstanceListViewController.swift */,
				EAE218B21ED147E2001209F2 /* LoginViewController.swift */,
				EAB868261EF6B4A700B38879 /* AttachmentViewController.swift */,
				EA65F7C11F9E2AFE00071B4D /* UserViewController.swift */,
				EA6429F31FA5694E006A67C0 /* UserHeaderView.swift */,
				EA65F7C31F9F68F700071B4D /* HeaderImageView.swift */,
				EA6429ED1FA5110D006A67C0 /* FollowingsViewController.swift */,
				EA6429F11FA518F6006A67C0 /* FollowersViewController.swift */,
				EA6429EB1FA50B18006A67C0 /* FavoritesViewController.swift */,
				EA2312231FA59B4F00526097 /* NotificationsViewController.swift */,
				EA6429EF1FA51738006A67C0 /* AccountCell.swift */,
				EAC55F341ED07C5700CD567D /* Assets.xcassets */,
				EAC55F361ED07C5700CD567D /* LaunchScreen.storyboard */,
				EAC55F391ED07C5700CD567D /* Info.plist */,
			);
			path = imastodon;
			sourceTree = "<group>";
		};
		EAE6D4EC2014E2F800CB3036 /* Common */ = {
			isa = PBXGroup;
			children = (
				EAE218BA1ED1615A001209F2 /* Client.swift */,
				EACE4E10201C9F600005D2BE /* StreamClient.swift */,
				EAC4F2412014FE5000A35E9D /* ReactiveExtension.swift */,
			);
			path = Common;
			sourceTree = "<group>";
		};
/* End PBXGroup section */

/* Begin PBXNativeTarget section */
		EA302459200B80100084FFD8 /* imastodon-mac */ = {
			isa = PBXNativeTarget;
			buildConfigurationList = EA302469200B80100084FFD8 /* Build configuration list for PBXNativeTarget "imastodon-mac" */;
			buildPhases = (
				370ECB91D44A3F5F8BDD4A15 /* [CP] Check Pods Manifest.lock */,
				EA302456200B80100084FFD8 /* Sources */,
				EA302457200B80100084FFD8 /* Frameworks */,
				EA302458200B80100084FFD8 /* Resources */,
				A1B635027D4D913C7C894A65 /* [CP] Embed Pods Frameworks */,
			);
			buildRules = (
			);
			dependencies = (
			);
			name = "imastodon-mac";
			productName = "imastodon-mac";
			productReference = EA30245A200B80100084FFD8 /* imastodon-mac.app */;
			productType = "com.apple.product-type.application";
		};
		EAC55F291ED07C5700CD567D /* imastodon */ = {
			isa = PBXNativeTarget;
			buildConfigurationList = EAC55F3C1ED07C5700CD567D /* Build configuration list for PBXNativeTarget "imastodon" */;
			buildPhases = (
				FD174175ECEBE32229D17E94 /* [CP] Check Pods Manifest.lock */,
				EAC55F261ED07C5700CD567D /* Sources */,
				EAC55F271ED07C5700CD567D /* Frameworks */,
				EAC55F281ED07C5700CD567D /* Resources */,
				5B5A2FDBB989939885304443 /* [CP] Embed Pods Frameworks */,
			);
			buildRules = (
			);
			dependencies = (
			);
			name = imastodon;
			productName = imastodon;
			productReference = EAC55F2A1ED07C5700CD567D /* imastodon.app */;
			productType = "com.apple.product-type.application";
		};
/* End PBXNativeTarget section */

/* Begin PBXProject section */
		EAC55F221ED07C5700CD567D /* Project object */ = {
			isa = PBXProject;
			attributes = {
				LastSwiftUpdateCheck = 0920;
				LastUpgradeCheck = 1130;
				ORGANIZATIONNAME = banjun;
				TargetAttributes = {
					EA302459200B80100084FFD8 = {
						CreatedOnToolsVersion = 9.2;
						DevelopmentTeam = FPZK4WRGW7;
						LastSwiftMigration = 1010;
						ProvisioningStyle = Automatic;
						SystemCapabilities = {
							com.apple.HardenedRuntime = {
								enabled = 1;
							};
							com.apple.Sandbox = {
								enabled = 1;
							};
						};
					};
					EAC55F291ED07C5700CD567D = {
						CreatedOnToolsVersion = 8.3.1;
						DevelopmentTeam = FPZK4WRGW7;
						LastSwiftMigration = 1130;
						ProvisioningStyle = Automatic;
					};
				};
			};
			buildConfigurationList = EAC55F251ED07C5700CD567D /* Build configuration list for PBXProject "imastodon" */;
			compatibilityVersion = "Xcode 3.2";
			developmentRegion = English;
			hasScannedForEncodings = 0;
			knownRegions = (
				English,
				en,
				Base,
			);
			mainGroup = EAC55F211ED07C5700CD567D;
			productRefGroup = EAC55F2B1ED07C5700CD567D /* Products */;
			projectDirPath = "";
			projectRoot = "";
			targets = (
				EAC55F291ED07C5700CD567D /* imastodon */,
				EA302459200B80100084FFD8 /* imastodon-mac */,
			);
		};
/* End PBXProject section */

/* Begin PBXResourcesBuildPhase section */
		EA302458200B80100084FFD8 /* Resources */ = {
			isa = PBXResourcesBuildPhase;
			buildActionMask = 2147483647;
			files = (
				EA302461200B80100084FFD8 /* Assets.xcassets in Resources */,
				EA302464200B80100084FFD8 /* Main.storyboard in Resources */,
			);
			runOnlyForDeploymentPostprocessing = 0;
		};
		EAC55F281ED07C5700CD567D /* Resources */ = {
			isa = PBXResourcesBuildPhase;
			buildActionMask = 2147483647;
			files = (
				EAC55F381ED07C5700CD567D /* LaunchScreen.storyboard in Resources */,
				EAC55F351ED07C5700CD567D /* Assets.xcassets in Resources */,
			);
			runOnlyForDeploymentPostprocessing = 0;
		};
/* End PBXResourcesBuildPhase section */

/* Begin PBXShellScriptBuildPhase section */
		370ECB91D44A3F5F8BDD4A15 /* [CP] Check Pods Manifest.lock */ = {
			isa = PBXShellScriptBuildPhase;
			buildActionMask = 2147483647;
			files = (
			);
			inputPaths = (
				"${PODS_PODFILE_DIR_PATH}/Podfile.lock",
				"${PODS_ROOT}/Manifest.lock",
			);
			name = "[CP] Check Pods Manifest.lock";
			outputPaths = (
				"$(DERIVED_FILE_DIR)/Pods-imastodon-mac-checkManifestLockResult.txt",
			);
			runOnlyForDeploymentPostprocessing = 0;
			shellPath = /bin/sh;
			shellScript = "diff \"${PODS_PODFILE_DIR_PATH}/Podfile.lock\" \"${PODS_ROOT}/Manifest.lock\" > /dev/null\nif [ $? != 0 ] ; then\n    # print error to STDERR\n    echo \"error: The sandbox is not in sync with the Podfile.lock. Run 'pod install' or update your CocoaPods installation.\" >&2\n    exit 1\nfi\n# This output is used by Xcode 'outputs' to avoid re-running this script phase.\necho \"SUCCESS\" > \"${SCRIPT_OUTPUT_FILE_0}\"\n";
			showEnvVarsInLog = 0;
		};
		5B5A2FDBB989939885304443 /* [CP] Embed Pods Frameworks */ = {
			isa = PBXShellScriptBuildPhase;
			buildActionMask = 2147483647;
			files = (
			);
			inputPaths = (
				"${PODS_ROOT}/Target Support Files/Pods-imastodon/Pods-imastodon-frameworks.sh",
				"${BUILT_PRODUCTS_DIR}/API-iOS/API.framework",
				"${BUILT_PRODUCTS_DIR}/APIKit-iOS/APIKit.framework",
				"${BUILT_PRODUCTS_DIR}/BrightFutures-iOS/BrightFutures.framework",
				"${BUILT_PRODUCTS_DIR}/Dwifft/Dwifft.framework",
				"${BUILT_PRODUCTS_DIR}/Eureka/Eureka.framework",
				"${BUILT_PRODUCTS_DIR}/FootlessParser-iOS/FootlessParser.framework",
				"${BUILT_PRODUCTS_DIR}/Fuzi-iOS/Fuzi.framework",
				"${BUILT_PRODUCTS_DIR}/Kingfisher-iOS/Kingfisher.framework",
				"${BUILT_PRODUCTS_DIR}/MBProgressHUD/MBProgressHUD.framework",
				"${BUILT_PRODUCTS_DIR}/NorthLayout-iOS/NorthLayout.framework",
				"${BUILT_PRODUCTS_DIR}/ReactiveCocoa-iOS/ReactiveCocoa.framework",
				"${BUILT_PRODUCTS_DIR}/ReactiveSSE-iOS/ReactiveSSE.framework",
				"${BUILT_PRODUCTS_DIR}/ReactiveSwift-iOS/ReactiveSwift.framework",
				"${BUILT_PRODUCTS_DIR}/SwiftBeaker-iOS/SwiftBeaker.framework",
				"${BUILT_PRODUCTS_DIR}/URITemplate-iOS/URITemplate.framework",
				"${BUILT_PRODUCTS_DIR}/※ikemen-iOS/Ikemen.framework",
			);
			name = "[CP] Embed Pods Frameworks";
			outputPaths = (
				"${TARGET_BUILD_DIR}/${FRAMEWORKS_FOLDER_PATH}/API.framework",
				"${TARGET_BUILD_DIR}/${FRAMEWORKS_FOLDER_PATH}/APIKit.framework",
				"${TARGET_BUILD_DIR}/${FRAMEWORKS_FOLDER_PATH}/BrightFutures.framework",
				"${TARGET_BUILD_DIR}/${FRAMEWORKS_FOLDER_PATH}/Dwifft.framework",
				"${TARGET_BUILD_DIR}/${FRAMEWORKS_FOLDER_PATH}/Eureka.framework",
				"${TARGET_BUILD_DIR}/${FRAMEWORKS_FOLDER_PATH}/FootlessParser.framework",
				"${TARGET_BUILD_DIR}/${FRAMEWORKS_FOLDER_PATH}/Fuzi.framework",
				"${TARGET_BUILD_DIR}/${FRAMEWORKS_FOLDER_PATH}/Kingfisher.framework",
				"${TARGET_BUILD_DIR}/${FRAMEWORKS_FOLDER_PATH}/MBProgressHUD.framework",
				"${TARGET_BUILD_DIR}/${FRAMEWORKS_FOLDER_PATH}/NorthLayout.framework",
				"${TARGET_BUILD_DIR}/${FRAMEWORKS_FOLDER_PATH}/ReactiveCocoa.framework",
				"${TARGET_BUILD_DIR}/${FRAMEWORKS_FOLDER_PATH}/ReactiveSSE.framework",
				"${TARGET_BUILD_DIR}/${FRAMEWORKS_FOLDER_PATH}/ReactiveSwift.framework",
				"${TARGET_BUILD_DIR}/${FRAMEWORKS_FOLDER_PATH}/SwiftBeaker.framework",
				"${TARGET_BUILD_DIR}/${FRAMEWORKS_FOLDER_PATH}/URITemplate.framework",
				"${TARGET_BUILD_DIR}/${FRAMEWORKS_FOLDER_PATH}/Ikemen.framework",
			);
			runOnlyForDeploymentPostprocessing = 0;
			shellPath = /bin/sh;
			shellScript = "\"${PODS_ROOT}/Target Support Files/Pods-imastodon/Pods-imastodon-frameworks.sh\"\n";
			showEnvVarsInLog = 0;
		};
		A1B635027D4D913C7C894A65 /* [CP] Embed Pods Frameworks */ = {
			isa = PBXShellScriptBuildPhase;
			buildActionMask = 2147483647;
			files = (
			);
			inputPaths = (
				"${PODS_ROOT}/Target Support Files/Pods-imastodon-mac/Pods-imastodon-mac-frameworks.sh",
				"${BUILT_PRODUCTS_DIR}/API-macOS/API.framework",
				"${BUILT_PRODUCTS_DIR}/APIKit-macOS/APIKit.framework",
				"${BUILT_PRODUCTS_DIR}/BrightFutures-macOS/BrightFutures.framework",
				"${BUILT_PRODUCTS_DIR}/FootlessParser-macOS/FootlessParser.framework",
				"${BUILT_PRODUCTS_DIR}/Fuzi-macOS/Fuzi.framework",
				"${BUILT_PRODUCTS_DIR}/Kingfisher-macOS/Kingfisher.framework",
				"${BUILT_PRODUCTS_DIR}/NorthLayout-macOS/NorthLayout.framework",
				"${BUILT_PRODUCTS_DIR}/ReactiveCocoa-macOS/ReactiveCocoa.framework",
				"${BUILT_PRODUCTS_DIR}/ReactiveSSE-macOS/ReactiveSSE.framework",
				"${BUILT_PRODUCTS_DIR}/ReactiveSwift-macOS/ReactiveSwift.framework",
				"${BUILT_PRODUCTS_DIR}/SwiftBeaker-macOS/SwiftBeaker.framework",
				"${BUILT_PRODUCTS_DIR}/URITemplate-macOS/URITemplate.framework",
				"${BUILT_PRODUCTS_DIR}/※ikemen-macOS/Ikemen.framework",
				"${BUILT_PRODUCTS_DIR}/Differ/Differ.framework",
			);
			name = "[CP] Embed Pods Frameworks";
			outputPaths = (
				"${TARGET_BUILD_DIR}/${FRAMEWORKS_FOLDER_PATH}/API.framework",
				"${TARGET_BUILD_DIR}/${FRAMEWORKS_FOLDER_PATH}/APIKit.framework",
				"${TARGET_BUILD_DIR}/${FRAMEWORKS_FOLDER_PATH}/BrightFutures.framework",
				"${TARGET_BUILD_DIR}/${FRAMEWORKS_FOLDER_PATH}/FootlessParser.framework",
				"${TARGET_BUILD_DIR}/${FRAMEWORKS_FOLDER_PATH}/Fuzi.framework",
				"${TARGET_BUILD_DIR}/${FRAMEWORKS_FOLDER_PATH}/Kingfisher.framework",
				"${TARGET_BUILD_DIR}/${FRAMEWORKS_FOLDER_PATH}/NorthLayout.framework",
				"${TARGET_BUILD_DIR}/${FRAMEWORKS_FOLDER_PATH}/ReactiveCocoa.framework",
				"${TARGET_BUILD_DIR}/${FRAMEWORKS_FOLDER_PATH}/ReactiveSSE.framework",
				"${TARGET_BUILD_DIR}/${FRAMEWORKS_FOLDER_PATH}/ReactiveSwift.framework",
				"${TARGET_BUILD_DIR}/${FRAMEWORKS_FOLDER_PATH}/SwiftBeaker.framework",
				"${TARGET_BUILD_DIR}/${FRAMEWORKS_FOLDER_PATH}/URITemplate.framework",
				"${TARGET_BUILD_DIR}/${FRAMEWORKS_FOLDER_PATH}/Ikemen.framework",
				"${TARGET_BUILD_DIR}/${FRAMEWORKS_FOLDER_PATH}/Differ.framework",
			);
			runOnlyForDeploymentPostprocessing = 0;
			shellPath = /bin/sh;
			shellScript = "\"${PODS_ROOT}/Target Support Files/Pods-imastodon-mac/Pods-imastodon-mac-frameworks.sh\"\n";
			showEnvVarsInLog = 0;
		};
		FD174175ECEBE32229D17E94 /* [CP] Check Pods Manifest.lock */ = {
			isa = PBXShellScriptBuildPhase;
			buildActionMask = 2147483647;
			files = (
			);
			inputPaths = (
				"${PODS_PODFILE_DIR_PATH}/Podfile.lock",
				"${PODS_ROOT}/Manifest.lock",
			);
			name = "[CP] Check Pods Manifest.lock";
			outputPaths = (
				"$(DERIVED_FILE_DIR)/Pods-imastodon-checkManifestLockResult.txt",
			);
			runOnlyForDeploymentPostprocessing = 0;
			shellPath = /bin/sh;
			shellScript = "diff \"${PODS_PODFILE_DIR_PATH}/Podfile.lock\" \"${PODS_ROOT}/Manifest.lock\" > /dev/null\nif [ $? != 0 ] ; then\n    # print error to STDERR\n    echo \"error: The sandbox is not in sync with the Podfile.lock. Run 'pod install' or update your CocoaPods installation.\" >&2\n    exit 1\nfi\n# This output is used by Xcode 'outputs' to avoid re-running this script phase.\necho \"SUCCESS\" > \"${SCRIPT_OUTPUT_FILE_0}\"\n";
			showEnvVarsInLog = 0;
		};
/* End PBXShellScriptBuildPhase section */

/* Begin PBXSourcesBuildPhase section */
		EA302456200B80100084FFD8 /* Sources */ = {
			isa = PBXSourcesBuildPhase;
			buildActionMask = 2147483647;
			files = (
				EAE1C02F201778A100D4765F /* HomeTLWindowController.swift in Sources */,
				EA584F5D200E2E6C00D08656 /* Store.swift in Sources */,
				EACE4E12201C9F600005D2BE /* StreamClient.swift in Sources */,
				EAE1C02B2017774400D4765F /* TimelineViewModel.swift in Sources */,
				EAE792A92010D1BB00E38831 /* Differ+AppKit.swift in Sources */,
				EA584F63200E442D00D08656 /* LocalTLWindowController.swift in Sources */,
				EA85B2612041BDFB00B5287B /* LayerImageView.swift in Sources */,
				EA584F65200E4B3700D08656 /* AutolayoutLabel.swift in Sources */,
				EAD2FD4B202748C200599DF6 /* NibLessLoadable.swift in Sources */,
				EACE4E14201E0ABC0005D2BE /* VisibleLimitedTableView.swift in Sources */,
				EAE1C0332018CA8A00D4765F /* HashtagTLWindowController.swift in Sources */,
				EA584F61200E38EB00D08656 /* NewAccountWindowController.swift in Sources */,
				EA584F59200B8C1100D08656 /* Client.swift in Sources */,
				EA30245D200B80100084FFD8 /* AppDelegate.swift in Sources */,
				EA584F5F200E37AF00D08656 /* InstanceAccountsWindowController.swift in Sources */,
				EAE1C0312018C19700D4765F /* IconView.swift in Sources */,
				EA584F67200E4B5A00D08656 /* StatusTableCellView.swift in Sources */,
				EAE1C02D2017780100D4765F /* TimelineWindowController.swift in Sources */,
				EA2BBB95201225A900918725 /* PostWindowController.swift in Sources */,
				EAC4F2432014FE5000A35E9D /* ReactiveExtension.swift in Sources */,
			);
			runOnlyForDeploymentPostprocessing = 0;
		};
		EAC55F261ED07C5700CD567D /* Sources */ = {
			isa = PBXSourcesBuildPhase;
			buildActionMask = 2147483647;
			files = (
				EA0EDB4A1EE41FC400280536 /* Stream.swift in Sources */,
				EAB868271EF6B4A700B38879 /* AttachmentViewController.swift in Sources */,
				EAE218B51ED15494001209F2 /* Store.swift in Sources */,
				EAC4F2422014FE5000A35E9D /* ReactiveExtension.swift in Sources */,
				EAE218B31ED147E2001209F2 /* LoginViewController.swift in Sources */,
				EA6429EE1FA5110D006A67C0 /* FollowingsViewController.swift in Sources */,
				EA6429F41FA5694E006A67C0 /* UserHeaderView.swift in Sources */,
				EAFB332E1FA6344500BB12C5 /* StatusPreviewingDelegate.swift in Sources */,
				EA6429F01FA51738006A67C0 /* AccountCell.swift in Sources */,
				EA6429F21FA518F6006A67C0 /* FollowersViewController.swift in Sources */,
				EAE218BF1ED176C4001209F2 /* StatusRow.swift in Sources */,
				EAA1219F23EF23D900A95F37 /* ThemeColor.swift in Sources */,
				EAA1219B23EF187A00A95F37 /* SceneDelegate.swift in Sources */,
				EAFB332C1FA61A1C00BB12C5 /* StatusViewController.swift in Sources */,
				EA65F7C21F9E2AFE00071B4D /* UserViewController.swift in Sources */,
				EAC55F301ED07C5700CD567D /* ViewController.swift in Sources */,
				EA65F7C41F9F68F700071B4D /* HeaderImageView.swift in Sources */,
				EA6429EC1FA50B18006A67C0 /* FavoritesViewController.swift in Sources */,
				EACE4E11201C9F600005D2BE /* StreamClient.swift in Sources */,
				EA2312241FA59B4F00526097 /* NotificationsViewController.swift in Sources */,
				EA0EDB4C1EE429A600280536 /* TimelineViewController.swift in Sources */,
				EAE3BC401ED3373300B31AF5 /* PostViewController.swift in Sources */,
				EAC55F2E1ED07C5700CD567D /* AppDelegate.swift in Sources */,
				EAE218B11ED1460B001209F2 /* InstanceListViewController.swift in Sources */,
				EAE218B91ED15BB0001209F2 /* HomeViewController.swift in Sources */,
				EAD8AD961EF2ADE0002648F9 /* UnifiedViewController.swift in Sources */,
				EAA1219D23EF1DE600A95F37 /* HUD.swift in Sources */,
				EAE218BD1ED176B4001209F2 /* LocalViewController.swift in Sources */,
				EAE218BB1ED1615A001209F2 /* Client.swift in Sources */,
			);
			runOnlyForDeploymentPostprocessing = 0;
		};
/* End PBXSourcesBuildPhase section */

/* Begin PBXVariantGroup section */
		EA302462200B80100084FFD8 /* Main.storyboard */ = {
			isa = PBXVariantGroup;
			children = (
				EA302463200B80100084FFD8 /* Base */,
			);
			name = Main.storyboard;
			sourceTree = "<group>";
		};
		EAC55F361ED07C5700CD567D /* LaunchScreen.storyboard */ = {
			isa = PBXVariantGroup;
			children = (
				EAC55F371ED07C5700CD567D /* Base */,
			);
			name = LaunchScreen.storyboard;
			sourceTree = "<group>";
		};
/* End PBXVariantGroup section */

/* Begin XCBuildConfiguration section */
		EA302467200B80100084FFD8 /* Debug */ = {
			isa = XCBuildConfiguration;
			baseConfigurationReference = D907FF16E22400E775461EBC /* Pods-imastodon-mac.debug.xcconfig */;
			buildSettings = {
				ASSETCATALOG_COMPILER_APPICON_NAME = AppIcon;
				CLANG_CXX_LANGUAGE_STANDARD = "gnu++14";
				CLANG_WARN_UNGUARDED_AVAILABILITY = YES_AGGRESSIVE;
				CODE_SIGN_ENTITLEMENTS = "imastodon-mac/imastodon-mac.entitlements";
				CODE_SIGN_IDENTITY = "Mac Developer";
				CODE_SIGN_INJECT_BASE_ENTITLEMENTS = YES;
				CODE_SIGN_STYLE = Automatic;
				COMBINE_HIDPI_IMAGES = YES;
				DEVELOPMENT_TEAM = FPZK4WRGW7;
				ENABLE_HARDENED_RUNTIME = YES;
				GCC_C_LANGUAGE_STANDARD = gnu11;
				INFOPLIST_FILE = "imastodon-mac/Info.plist";
				LD_RUNPATH_SEARCH_PATHS = "$(inherited) @executable_path/../Frameworks";
				MACOSX_DEPLOYMENT_TARGET = 10.13;
				OTHER_CODE_SIGN_FLAGS = "--timestamp";
				PRODUCT_BUNDLE_IDENTIFIER = "jp.banjun.imastodon-mac";
				PRODUCT_MODULE_NAME = "$(PRODUCT_NAME:c99extidentifier)";
				PRODUCT_NAME = "$(TARGET_NAME)";
				SDKROOT = macosx;
				SWIFT_VERSION = 4.2;
			};
			name = Debug;
		};
		EA302468200B80100084FFD8 /* Release */ = {
			isa = XCBuildConfiguration;
			baseConfigurationReference = 7518B5189A465B5CDC2E2350 /* Pods-imastodon-mac.release.xcconfig */;
			buildSettings = {
				ASSETCATALOG_COMPILER_APPICON_NAME = AppIcon;
				CLANG_CXX_LANGUAGE_STANDARD = "gnu++14";
				CLANG_WARN_UNGUARDED_AVAILABILITY = YES_AGGRESSIVE;
				CODE_SIGN_ENTITLEMENTS = "imastodon-mac/imastodon-mac.entitlements";
				CODE_SIGN_IDENTITY = "Mac Developer";
				CODE_SIGN_INJECT_BASE_ENTITLEMENTS = NO;
				CODE_SIGN_STYLE = Manual;
				COMBINE_HIDPI_IMAGES = YES;
				DEVELOPMENT_TEAM = FPZK4WRGW7;
				ENABLE_HARDENED_RUNTIME = YES;
				GCC_C_LANGUAGE_STANDARD = gnu11;
				INFOPLIST_FILE = "imastodon-mac/Info.plist";
				LD_RUNPATH_SEARCH_PATHS = "$(inherited) @executable_path/../Frameworks";
				MACOSX_DEPLOYMENT_TARGET = 10.13;
				OTHER_CODE_SIGN_FLAGS = "--timestamp";
				PRODUCT_BUNDLE_IDENTIFIER = "jp.banjun.imastodon-mac";
				PRODUCT_MODULE_NAME = "$(PRODUCT_NAME:c99extidentifier)";
				PRODUCT_NAME = "$(TARGET_NAME)";
				SDKROOT = macosx;
				SWIFT_VERSION = 4.2;
			};
			name = Release;
		};
		EAC55F3A1ED07C5700CD567D /* Debug */ = {
			isa = XCBuildConfiguration;
			buildSettings = {
				ALWAYS_SEARCH_USER_PATHS = NO;
				CLANG_ANALYZER_LOCALIZABILITY_NONLOCALIZED = YES;
				CLANG_ANALYZER_NONNULL = YES;
				CLANG_ANALYZER_NUMBER_OBJECT_CONVERSION = YES_AGGRESSIVE;
				CLANG_CXX_LANGUAGE_STANDARD = "gnu++0x";
				CLANG_CXX_LIBRARY = "libc++";
				CLANG_ENABLE_MODULES = YES;
				CLANG_ENABLE_OBJC_ARC = YES;
				CLANG_WARN_BLOCK_CAPTURE_AUTORELEASING = YES;
				CLANG_WARN_BOOL_CONVERSION = YES;
				CLANG_WARN_COMMA = YES;
				CLANG_WARN_CONSTANT_CONVERSION = YES;
				CLANG_WARN_DEPRECATED_OBJC_IMPLEMENTATIONS = YES;
				CLANG_WARN_DIRECT_OBJC_ISA_USAGE = YES_ERROR;
				CLANG_WARN_DOCUMENTATION_COMMENTS = YES;
				CLANG_WARN_EMPTY_BODY = YES;
				CLANG_WARN_ENUM_CONVERSION = YES;
				CLANG_WARN_INFINITE_RECURSION = YES;
				CLANG_WARN_INT_CONVERSION = YES;
				CLANG_WARN_NON_LITERAL_NULL_CONVERSION = YES;
				CLANG_WARN_OBJC_IMPLICIT_RETAIN_SELF = YES;
				CLANG_WARN_OBJC_LITERAL_CONVERSION = YES;
				CLANG_WARN_OBJC_ROOT_CLASS = YES_ERROR;
				CLANG_WARN_RANGE_LOOP_ANALYSIS = YES;
				CLANG_WARN_STRICT_PROTOTYPES = YES;
				CLANG_WARN_SUSPICIOUS_MOVE = YES;
				CLANG_WARN_UNREACHABLE_CODE = YES;
				CLANG_WARN__DUPLICATE_METHOD_MATCH = YES;
				"CODE_SIGN_IDENTITY[sdk=iphoneos*]" = "iPhone Developer";
				COPY_PHASE_STRIP = NO;
				CURRENT_PROJECT_VERSION = 34;
				DEBUG_INFORMATION_FORMAT = dwarf;
				ENABLE_STRICT_OBJC_MSGSEND = YES;
				ENABLE_TESTABILITY = YES;
				GCC_C_LANGUAGE_STANDARD = gnu99;
				GCC_DYNAMIC_NO_PIC = NO;
				GCC_NO_COMMON_BLOCKS = YES;
				GCC_OPTIMIZATION_LEVEL = 0;
				GCC_PREPROCESSOR_DEFINITIONS = (
					"DEBUG=1",
					"$(inherited)",
				);
				GCC_WARN_64_TO_32_BIT_CONVERSION = YES;
				GCC_WARN_ABOUT_RETURN_TYPE = YES_ERROR;
				GCC_WARN_UNDECLARED_SELECTOR = YES;
				GCC_WARN_UNINITIALIZED_AUTOS = YES_AGGRESSIVE;
				GCC_WARN_UNUSED_FUNCTION = YES;
				GCC_WARN_UNUSED_VARIABLE = YES;
				IPHONEOS_DEPLOYMENT_TARGET = 11.0;
				MTL_ENABLE_DEBUG_INFO = YES;
				ONLY_ACTIVE_ARCH = YES;
				SDKROOT = iphoneos;
				SWIFT_ACTIVE_COMPILATION_CONDITIONS = DEBUG;
				SWIFT_OPTIMIZATION_LEVEL = "-Onone";
				TARGETED_DEVICE_FAMILY = "1,2";
			};
			name = Debug;
		};
		EAC55F3B1ED07C5700CD567D /* Release */ = {
			isa = XCBuildConfiguration;
			buildSettings = {
				ALWAYS_SEARCH_USER_PATHS = NO;
				CLANG_ANALYZER_LOCALIZABILITY_NONLOCALIZED = YES;
				CLANG_ANALYZER_NONNULL = YES;
				CLANG_ANALYZER_NUMBER_OBJECT_CONVERSION = YES_AGGRESSIVE;
				CLANG_CXX_LANGUAGE_STANDARD = "gnu++0x";
				CLANG_CXX_LIBRARY = "libc++";
				CLANG_ENABLE_MODULES = YES;
				CLANG_ENABLE_OBJC_ARC = YES;
				CLANG_WARN_BLOCK_CAPTURE_AUTORELEASING = YES;
				CLANG_WARN_BOOL_CONVERSION = YES;
				CLANG_WARN_COMMA = YES;
				CLANG_WARN_CONSTANT_CONVERSION = YES;
				CLANG_WARN_DEPRECATED_OBJC_IMPLEMENTATIONS = YES;
				CLANG_WARN_DIRECT_OBJC_ISA_USAGE = YES_ERROR;
				CLANG_WARN_DOCUMENTATION_COMMENTS = YES;
				CLANG_WARN_EMPTY_BODY = YES;
				CLANG_WARN_ENUM_CONVERSION = YES;
				CLANG_WARN_INFINITE_RECURSION = YES;
				CLANG_WARN_INT_CONVERSION = YES;
				CLANG_WARN_NON_LITERAL_NULL_CONVERSION = YES;
				CLANG_WARN_OBJC_IMPLICIT_RETAIN_SELF = YES;
				CLANG_WARN_OBJC_LITERAL_CONVERSION = YES;
				CLANG_WARN_OBJC_ROOT_CLASS = YES_ERROR;
				CLANG_WARN_RANGE_LOOP_ANALYSIS = YES;
				CLANG_WARN_STRICT_PROTOTYPES = YES;
				CLANG_WARN_SUSPICIOUS_MOVE = YES;
				CLANG_WARN_UNREACHABLE_CODE = YES;
				CLANG_WARN__DUPLICATE_METHOD_MATCH = YES;
				"CODE_SIGN_IDENTITY[sdk=iphoneos*]" = "iPhone Developer";
				COPY_PHASE_STRIP = NO;
				CURRENT_PROJECT_VERSION = 34;
				DEBUG_INFORMATION_FORMAT = "dwarf-with-dsym";
				ENABLE_NS_ASSERTIONS = NO;
				ENABLE_STRICT_OBJC_MSGSEND = YES;
				GCC_C_LANGUAGE_STANDARD = gnu99;
				GCC_NO_COMMON_BLOCKS = YES;
				GCC_WARN_64_TO_32_BIT_CONVERSION = YES;
				GCC_WARN_ABOUT_RETURN_TYPE = YES_ERROR;
				GCC_WARN_UNDECLARED_SELECTOR = YES;
				GCC_WARN_UNINITIALIZED_AUTOS = YES_AGGRESSIVE;
				GCC_WARN_UNUSED_FUNCTION = YES;
				GCC_WARN_UNUSED_VARIABLE = YES;
				IPHONEOS_DEPLOYMENT_TARGET = 11.0;
				MTL_ENABLE_DEBUG_INFO = NO;
				SDKROOT = iphoneos;
				SWIFT_OPTIMIZATION_LEVEL = "-Owholemodule";
				TARGETED_DEVICE_FAMILY = "1,2";
				VALIDATE_PRODUCT = YES;
			};
			name = Release;
		};
		EAC55F3D1ED07C5700CD567D /* Debug */ = {
			isa = XCBuildConfiguration;
			baseConfigurationReference = 7C138BF5F063A0B55F519D11 /* Pods-imastodon.debug.xcconfig */;
			buildSettings = {
				ASSETCATALOG_COMPILER_APPICON_NAME = AppIcon;
				DEVELOPMENT_TEAM = FPZK4WRGW7;
				INFOPLIST_FILE = imastodon/Info.plist;
				LD_RUNPATH_SEARCH_PATHS = "$(inherited) @executable_path/Frameworks";
				PRODUCT_BUNDLE_IDENTIFIER = jp.banjun.imastodon;
				PRODUCT_NAME = "$(TARGET_NAME)";
				SWIFT_VERSION = 5.0;
			};
			name = Debug;
		};
		EAC55F3E1ED07C5700CD567D /* Release */ = {
			isa = XCBuildConfiguration;
			baseConfigurationReference = 3395940DED0D0BA0835EFD0E /* Pods-imastodon.release.xcconfig */;
			buildSettings = {
				ASSETCATALOG_COMPILER_APPICON_NAME = AppIcon;
				DEVELOPMENT_TEAM = FPZK4WRGW7;
				INFOPLIST_FILE = imastodon/Info.plist;
				LD_RUNPATH_SEARCH_PATHS = "$(inherited) @executable_path/Frameworks";
				PRODUCT_BUNDLE_IDENTIFIER = jp.banjun.imastodon;
				PRODUCT_NAME = "$(TARGET_NAME)";
				SWIFT_VERSION = 5.0;
			};
			name = Release;
		};
/* End XCBuildConfiguration section */

/* Begin XCConfigurationList section */
		EA302469200B80100084FFD8 /* Build configuration list for PBXNativeTarget "imastodon-mac" */ = {
			isa = XCConfigurationList;
			buildConfigurations = (
				EA302467200B80100084FFD8 /* Debug */,
				EA302468200B80100084FFD8 /* Release */,
			);
			defaultConfigurationIsVisible = 0;
			defaultConfigurationName = Release;
		};
		EAC55F251ED07C5700CD567D /* Build configuration list for PBXProject "imastodon" */ = {
			isa = XCConfigurationList;
			buildConfigurations = (
				EAC55F3A1ED07C5700CD567D /* Debug */,
				EAC55F3B1ED07C5700CD567D /* Release */,
			);
			defaultConfigurationIsVisible = 0;
			defaultConfigurationName = Release;
		};
		EAC55F3C1ED07C5700CD567D /* Build configuration list for PBXNativeTarget "imastodon" */ = {
			isa = XCConfigurationList;
			buildConfigurations = (
				EAC55F3D1ED07C5700CD567D /* Debug */,
				EAC55F3E1ED07C5700CD567D /* Release */,
			);
			defaultConfigurationIsVisible = 0;
			defaultConfigurationName = Release;
		};
/* End XCConfigurationList section */
	};
	rootObject = EAC55F221ED07C5700CD567D /* Project object */;
}
